
Microsoft Visual Studio Solution File, Format Version 12.00
# Visual Studio Version 16
VisualStudioVersion = 16.0.29326.143
MinimumVisualStudioVersion = 10.0.40219.1
Project("{FAE04EC0-301F-11D3-BF4B-00C04F79EFBC}") = "Blog", "Blog\Blog.csproj", "{66D1602A-55B7-420F-80FB-76CB7238F10E}"
EndProject
Global
	GlobalSection(SolutionConfigurationPlatforms) = preSolution
		Debug|Any CPU = Debug|Any CPU
		Release|Any CPU = Release|Any CPU
	EndGlobalSection
	GlobalSection(ProjectConfigurationPlatforms) = postSolution
		{66D1602A-55B7-420F-80FB-76CB7238F10E}.Debug|Any CPU.ActiveCfg = Debug|Any CPU
		{66D1602A-55B7-420F-80FB-76CB7238F10E}.Debug|Any CPU.Build.0 = Debug|Any CPU
		{66D1602A-55B7-420F-80FB-76CB7238F10E}.Release|Any CPU.ActiveCfg = Release|Any CPU
		{66D1602A-55B7-420F-80FB-76CB7238F10E}.Release|Any CPU.Build.0 = Release|Any CPU
	EndGlobalSection
	GlobalSection(SolutionProperties) = preSolution
		HideSolutionNode = FALSE
	EndGlobalSection
	GlobalSection(ExtensibilityGlobals) = postSolution
		SolutionGuid = {ED22DB71-E93C-4601-B67A-8A97A2D8C699}
	EndGlobalSection
EndGlobal
